// !$*UTF8*$!
{
	archiveVersion = 1;
	classes = {
	};
	objectVersion = 45;
	objects = {

/* Begin PBXBuildFile section */
		1D3623260D0F684500981E51 /* AppDelegate.m in Sources */ = {isa = PBXBuildFile; fileRef = 1D3623250D0F684500981E51 /* AppDelegate.m */; };
		1D60589B0D05DD56006BFB54 /* main.m in Sources */ = {isa = PBXBuildFile; fileRef = 29B97316FDCFA39411CA2CEA /* main.m */; };
		1D60589F0D05DD5A006BFB54 /* Foundation.framework in Frameworks */ = {isa = PBXBuildFile; fileRef = 1D30AB110D05D00D00671497 /* Foundation.framework */; };
		1DF5F4E00D08C38300B7A737 /* UIKit.framework in Frameworks */ = {isa = PBXBuildFile; fileRef = 1DF5F4DF0D08C38300B7A737 /* UIKit.framework */; };
		288765FD0DF74451002DB57D /* CoreGraphics.framework in Frameworks */ = {isa = PBXBuildFile; fileRef = 288765FC0DF74451002DB57D /* CoreGraphics.framework */; };
		A41B1C5E112CDF2E00E75195 /* tim-hovering.png in Resources */ = {isa = PBXBuildFile; fileRef = A41B1C5D112CDF2E00E75195 /* tim-hovering.png */; };
		A41B1DAB112D078D00E75195 /* ASTexture.m in Sources */ = {isa = PBXBuildFile; fileRef = A41B1DAA112D078D00E75195 /* ASTexture.m */; };
		A41B1DEF112D0A1100E75195 /* SquareDemo.m in Sources */ = {isa = PBXBuildFile; fileRef = A41B1DEE112D0A1100E75195 /* SquareDemo.m */; };
		A42FA45E112BC90300807DB1 /* ASView.m in Sources */ = {isa = PBXBuildFile; fileRef = A42FA45D112BC90300807DB1 /* ASView.m */; };
		A42FA489112BCC0A00807DB1 /* QuartzCore.framework in Frameworks */ = {isa = PBXBuildFile; fileRef = A42FA488112BCC0A00807DB1 /* QuartzCore.framework */; };
		A42FA4B3112BCF0900807DB1 /* OpenGLES.framework in Frameworks */ = {isa = PBXBuildFile; fileRef = A42FA4B2112BCF0900807DB1 /* OpenGLES.framework */; };
		A42FA549112BE41700807DB1 /* ASDirector.m in Sources */ = {isa = PBXBuildFile; fileRef = A42FA548112BE41700807DB1 /* ASDirector.m */; };
		A42FA5BF112BEAD300807DB1 /* TextureDemo.m in Sources */ = {isa = PBXBuildFile; fileRef = A42FA5BE112BEAD300807DB1 /* TextureDemo.m */; };
		A42FA78A112C564600807DB1 /* MainMenu.m in Sources */ = {isa = PBXBuildFile; fileRef = A42FA789112C564600807DB1 /* MainMenu.m */; };
		A4ECCE32112E493B008301EF /* tim-hovering.plist in Resources */ = {isa = PBXBuildFile; fileRef = A4ECCE31112E493B008301EF /* tim-hovering.plist */; };
		A4ECCFEB112EE30B008301EF /* ASAtlas.m in Sources */ = {isa = PBXBuildFile; fileRef = A4ECCFEA112EE30B008301EF /* ASAtlas.m */; };
		A4ECD09F112EEB03008301EF /* SpriteDemo.m in Sources */ = {isa = PBXBuildFile; fileRef = A4ECD09E112EEB03008301EF /* SpriteDemo.m */; };
		A4ECD2B9112F0CEA008301EF /* ASSprite.m in Sources */ = {isa = PBXBuildFile; fileRef = A4ECD2B8112F0CEA008301EF /* ASSprite.m */; };
		A4ECD46D112F4592008301EF /* ASFont.m in Sources */ = {isa = PBXBuildFile; fileRef = A4ECD46C112F4592008301EF /* ASFont.m */; };
		A4ECD496112F5C75008301EF /* FontDemo.m in Sources */ = {isa = PBXBuildFile; fileRef = A4ECD495112F5C75008301EF /* FontDemo.m */; };
		A4ECD499112F622A008301EF /* silkscreen.fnt in Resources */ = {isa = PBXBuildFile; fileRef = A4ECD497112F622A008301EF /* silkscreen.fnt */; };
		A4ECD49A112F622A008301EF /* silkscreen.png in Resources */ = {isa = PBXBuildFile; fileRef = A4ECD498112F622A008301EF /* silkscreen.png */; };
/* End PBXBuildFile section */

/* Begin PBXFileReference section */
		1D30AB110D05D00D00671497 /* Foundation.framework */ = {isa = PBXFileReference; lastKnownFileType = wrapper.framework; name = Foundation.framework; path = System/Library/Frameworks/Foundation.framework; sourceTree = SDKROOT; };
		1D3623240D0F684500981E51 /* AppDelegate.h */ = {isa = PBXFileReference; fileEncoding = 4; lastKnownFileType = sourcecode.c.h; path = AppDelegate.h; sourceTree = "<group>"; };
		1D3623250D0F684500981E51 /* AppDelegate.m */ = {isa = PBXFileReference; fileEncoding = 4; lastKnownFileType = sourcecode.c.objc; path = AppDelegate.m; sourceTree = "<group>"; };
		1D6058910D05DD3D006BFB54 /* Aposelene.app */ = {isa = PBXFileReference; explicitFileType = wrapper.application; includeInIndex = 0; path = Aposelene.app; sourceTree = BUILT_PRODUCTS_DIR; };
		1DF5F4DF0D08C38300B7A737 /* UIKit.framework */ = {isa = PBXFileReference; lastKnownFileType = wrapper.framework; name = UIKit.framework; path = System/Library/Frameworks/UIKit.framework; sourceTree = SDKROOT; };
		288765FC0DF74451002DB57D /* CoreGraphics.framework */ = {isa = PBXFileReference; lastKnownFileType = wrapper.framework; name = CoreGraphics.framework; path = System/Library/Frameworks/CoreGraphics.framework; sourceTree = SDKROOT; };
		29B97316FDCFA39411CA2CEA /* main.m */ = {isa = PBXFileReference; fileEncoding = 4; lastKnownFileType = sourcecode.c.objc; path = main.m; sourceTree = "<group>"; };
		32CA4F630368D1EE00C91783 /* Prefix.pch */ = {isa = PBXFileReference; fileEncoding = 4; lastKnownFileType = sourcecode.c.h; path = Prefix.pch; sourceTree = "<group>"; };
		8D1107310486CEB800E47090 /* Info.plist */ = {isa = PBXFileReference; fileEncoding = 4; lastKnownFileType = text.plist.xml; name = Info.plist; path = ../Info.plist; plistStructureDefinitionIdentifier = "com.apple.xcode.plist.structure-definition.iphone.info-plist"; sourceTree = "<group>"; };
		A41B1C5D112CDF2E00E75195 /* tim-hovering.png */ = {isa = PBXFileReference; lastKnownFileType = image.png; path = "tim-hovering.png"; sourceTree = "<group>"; };
		A41B1DA9112D078D00E75195 /* ASTexture.h */ = {isa = PBXFileReference; fileEncoding = 4; lastKnownFileType = sourcecode.c.h; name = ASTexture.h; path = Classes/ASTexture.h; sourceTree = "<group>"; };
		A41B1DAA112D078D00E75195 /* ASTexture.m */ = {isa = PBXFileReference; fileEncoding = 4; lastKnownFileType = sourcecode.c.objc; name = ASTexture.m; path = Classes/ASTexture.m; sourceTree = "<group>"; };
		A41B1DEE112D0A1100E75195 /* SquareDemo.m */ = {isa = PBXFileReference; fileEncoding = 4; lastKnownFileType = sourcecode.c.objc; path = SquareDemo.m; sourceTree = "<group>"; };
		A42FA45C112BC90300807DB1 /* ASView.h */ = {isa = PBXFileReference; fileEncoding = 4; lastKnownFileType = sourcecode.c.h; name = ASView.h; path = Classes/ASView.h; sourceTree = "<group>"; };
		A42FA45D112BC90300807DB1 /* ASView.m */ = {isa = PBXFileReference; fileEncoding = 4; lastKnownFileType = sourcecode.c.objc; name = ASView.m; path = Classes/ASView.m; sourceTree = "<group>"; };
		A42FA488112BCC0A00807DB1 /* QuartzCore.framework */ = {isa = PBXFileReference; lastKnownFileType = wrapper.framework; name = QuartzCore.framework; path = System/Library/Frameworks/QuartzCore.framework; sourceTree = SDKROOT; };
		A42FA4B2112BCF0900807DB1 /* OpenGLES.framework */ = {isa = PBXFileReference; lastKnownFileType = wrapper.framework; name = OpenGLES.framework; path = System/Library/Frameworks/OpenGLES.framework; sourceTree = SDKROOT; };
		A42FA547112BE41700807DB1 /* ASDirector.h */ = {isa = PBXFileReference; fileEncoding = 4; lastKnownFileType = sourcecode.c.h; name = ASDirector.h; path = Classes/ASDirector.h; sourceTree = "<group>"; };
		A42FA548112BE41700807DB1 /* ASDirector.m */ = {isa = PBXFileReference; fileEncoding = 4; lastKnownFileType = sourcecode.c.objc; name = ASDirector.m; path = Classes/ASDirector.m; sourceTree = "<group>"; };
		A42FA557112BE61300807DB1 /* ASScene.h */ = {isa = PBXFileReference; fileEncoding = 4; lastKnownFileType = sourcecode.c.h; name = ASScene.h; path = Classes/ASScene.h; sourceTree = "<group>"; };
		A42FA5BE112BEAD300807DB1 /* TextureDemo.m */ = {isa = PBXFileReference; fileEncoding = 4; lastKnownFileType = sourcecode.c.objc; path = TextureDemo.m; sourceTree = "<group>"; };
		A42FA789112C564600807DB1 /* MainMenu.m */ = {isa = PBXFileReference; fileEncoding = 4; lastKnownFileType = sourcecode.c.objc; path = MainMenu.m; sourceTree = "<group>"; };
		A42FA78D112C56FE00807DB1 /* Aposelene.h */ = {isa = PBXFileReference; fileEncoding = 4; lastKnownFileType = sourcecode.c.h; name = Aposelene.h; path = Classes/Aposelene.h; sourceTree = "<group>"; };
		A4ECCE31112E493B008301EF /* tim-hovering.plist */ = {isa = PBXFileReference; fileEncoding = 4; lastKnownFileType = text.plist.xml; path = "tim-hovering.plist"; sourceTree = "<group>"; };
		A4ECCED7112E68EA008301EF /* ASCommon.h */ = {isa = PBXFileReference; fileEncoding = 4; lastKnownFileType = sourcecode.c.h; name = ASCommon.h; path = Classes/ASCommon.h; sourceTree = "<group>"; };
		A4ECCFE9112EE30B008301EF /* ASAtlas.h */ = {isa = PBXFileReference; fileEncoding = 4; lastKnownFileType = sourcecode.c.h; name = ASAtlas.h; path = Classes/ASAtlas.h; sourceTree = "<group>"; };
		A4ECCFEA112EE30B008301EF /* ASAtlas.m */ = {isa = PBXFileReference; fileEncoding = 4; lastKnownFileType = sourcecode.c.objc; name = ASAtlas.m; path = Classes/ASAtlas.m; sourceTree = "<group>"; };
		A4ECD09E112EEB03008301EF /* SpriteDemo.m */ = {isa = PBXFileReference; fileEncoding = 4; lastKnownFileType = sourcecode.c.objc; path = SpriteDemo.m; sourceTree = "<group>"; };
		A4ECD2B7112F0CEA008301EF /* ASSprite.h */ = {isa = PBXFileReference; fileEncoding = 4; lastKnownFileType = sourcecode.c.h; name = ASSprite.h; path = Classes/ASSprite.h; sourceTree = "<group>"; };
		A4ECD2B8112F0CEA008301EF /* ASSprite.m */ = {isa = PBXFileReference; fileEncoding = 4; lastKnownFileType = sourcecode.c.objc; name = ASSprite.m; path = Classes/ASSprite.m; sourceTree = "<group>"; };
		A4ECD46B112F4592008301EF /* ASFont.h */ = {isa = PBXFileReference; fileEncoding = 4; lastKnownFileType = sourcecode.c.h; name = ASFont.h; path = Classes/ASFont.h; sourceTree = "<group>"; };
		A4ECD46C112F4592008301EF /* ASFont.m */ = {isa = PBXFileReference; fileEncoding = 4; lastKnownFileType = sourcecode.c.objc; name = ASFont.m; path = Classes/ASFont.m; sourceTree = "<group>"; };
		A4ECD495112F5C75008301EF /* FontDemo.m */ = {isa = PBXFileReference; fileEncoding = 4; lastKnownFileType = sourcecode.c.objc; path = FontDemo.m; sourceTree = "<group>"; };
		A4ECD497112F622A008301EF /* silkscreen.fnt */ = {isa = PBXFileReference; fileEncoding = 4; lastKnownFileType = text; path = silkscreen.fnt; sourceTree = "<group>"; };
		A4ECD498112F622A008301EF /* silkscreen.png */ = {isa = PBXFileReference; lastKnownFileType = image.png; path = silkscreen.png; sourceTree = "<group>"; };
/* End PBXFileReference section */

/* Begin PBXFrameworksBuildPhase section */
		1D60588F0D05DD3D006BFB54 /* Frameworks */ = {
			isa = PBXFrameworksBuildPhase;
			buildActionMask = 2147483647;
			files = (
				1D60589F0D05DD5A006BFB54 /* Foundation.framework in Frameworks */,
				1DF5F4E00D08C38300B7A737 /* UIKit.framework in Frameworks */,
				288765FD0DF74451002DB57D /* CoreGraphics.framework in Frameworks */,
				A42FA489112BCC0A00807DB1 /* QuartzCore.framework in Frameworks */,
				A42FA4B3112BCF0900807DB1 /* OpenGLES.framework in Frameworks */,
			);
			runOnlyForDeploymentPostprocessing = 0;
		};
/* End PBXFrameworksBuildPhase section */

/* Begin PBXGroup section */
		080E96DDFE201D6D7F000001 /* Classes */ = {
			isa = PBXGroup;
			children = (
				A42FA5BC112BEAB700807DB1 /* Scenes */,
				1D3623240D0F684500981E51 /* AppDelegate.h */,
				1D3623250D0F684500981E51 /* AppDelegate.m */,
			);
			path = Classes;
			sourceTree = "<group>";
		};
		19C28FACFE9D520D11CA2CBB /* Products */ = {
			isa = PBXGroup;
			children = (
				1D6058910D05DD3D006BFB54 /* Aposelene.app */,
			);
			name = Products;
			sourceTree = "<group>";
		};
		29B97314FDCFA39411CA2CEA /* CustomTemplate */ = {
			isa = PBXGroup;
			children = (
				A42FA72F112C4AA400807DB1 /* Aposelene */,
				080E96DDFE201D6D7F000001 /* Classes */,
				29B97315FDCFA39411CA2CEA /* Other Sources */,
				29B97317FDCFA39411CA2CEA /* Resources */,
				29B97323FDCFA39411CA2CEA /* Frameworks */,
				19C28FACFE9D520D11CA2CBB /* Products */,
			);
			name = CustomTemplate;
			sourceTree = "<group>";
		};
		29B97315FDCFA39411CA2CEA /* Other Sources */ = {
			isa = PBXGroup;
			children = (
				32CA4F630368D1EE00C91783 /* Prefix.pch */,
				29B97316FDCFA39411CA2CEA /* main.m */,
			);
			name = "Other Sources";
			sourceTree = "<group>";
		};
		29B97317FDCFA39411CA2CEA /* Resources */ = {
			isa = PBXGroup;
			children = (
				A4ECD497112F622A008301EF /* silkscreen.fnt */,
				A4ECD498112F622A008301EF /* silkscreen.png */,
				8D1107310486CEB800E47090 /* Info.plist */,
				A41B1C5D112CDF2E00E75195 /* tim-hovering.png */,
				A4ECCE31112E493B008301EF /* tim-hovering.plist */,
			);
			path = Resources;
			sourceTree = "<group>";
		};
		29B97323FDCFA39411CA2CEA /* Frameworks */ = {
			isa = PBXGroup;
			children = (
				1DF5F4DF0D08C38300B7A737 /* UIKit.framework */,
				1D30AB110D05D00D00671497 /* Foundation.framework */,
				288765FC0DF74451002DB57D /* CoreGraphics.framework */,
				A42FA488112BCC0A00807DB1 /* QuartzCore.framework */,
				A42FA4B2112BCF0900807DB1 /* OpenGLES.framework */,
			);
			name = Frameworks;
			sourceTree = "<group>";
		};
		A42FA5BC112BEAB700807DB1 /* Scenes */ = {
			isa = PBXGroup;
			children = (
				A4ECD495112F5C75008301EF /* FontDemo.m */,
				A41B1DEE112D0A1100E75195 /* SquareDemo.m */,
				A42FA5BE112BEAD300807DB1 /* TextureDemo.m */,
				A42FA789112C564600807DB1 /* MainMenu.m */,
				A4ECD09E112EEB03008301EF /* SpriteDemo.m */,
			);
			name = Scenes;
			sourceTree = "<group>";
		};
		A42FA72F112C4AA400807DB1 /* Aposelene */ = {
			isa = PBXGroup;
			children = (
				A42FA78D112C56FE00807DB1 /* Aposelene.h */,
				A4ECCFE9112EE30B008301EF /* ASAtlas.h */,
				A4ECCFEA112EE30B008301EF /* ASAtlas.m */,
				A4ECCED7112E68EA008301EF /* ASCommon.h */,
				A42FA547112BE41700807DB1 /* ASDirector.h */,
				A42FA548112BE41700807DB1 /* ASDirector.m */,
				A4ECD46B112F4592008301EF /* ASFont.h */,
				A4ECD46C112F4592008301EF /* ASFont.m */,
				A42FA557112BE61300807DB1 /* ASScene.h */,
				A4ECD2B7112F0CEA008301EF /* ASSprite.h */,
				A4ECD2B8112F0CEA008301EF /* ASSprite.m */,
				A41B1DA9112D078D00E75195 /* ASTexture.h */,
				A41B1DAA112D078D00E75195 /* ASTexture.m */,
				A42FA45C112BC90300807DB1 /* ASView.h */,
				A42FA45D112BC90300807DB1 /* ASView.m */,
			);
			name = Aposelene;
			sourceTree = "<group>";
		};
/* End PBXGroup section */

/* Begin PBXNativeTarget section */
		1D6058900D05DD3D006BFB54 /* Aposelene */ = {
			isa = PBXNativeTarget;
			buildConfigurationList = 1D6058960D05DD3E006BFB54 /* Build configuration list for PBXNativeTarget "Aposelene" */;
			buildPhases = (
				1D60588D0D05DD3D006BFB54 /* Resources */,
				1D60588E0D05DD3D006BFB54 /* Sources */,
				1D60588F0D05DD3D006BFB54 /* Frameworks */,
			);
			buildRules = (
			);
			dependencies = (
			);
			name = Aposelene;
			productName = Game;
			productReference = 1D6058910D05DD3D006BFB54 /* Aposelene.app */;
			productType = "com.apple.product-type.application";
		};
/* End PBXNativeTarget section */

/* Begin PBXProject section */
		29B97313FDCFA39411CA2CEA /* Project object */ = {
			isa = PBXProject;
			buildConfigurationList = C01FCF4E08A954540054247B /* Build configuration list for PBXProject "Aposelene" */;
			compatibilityVersion = "Xcode 3.1";
			hasScannedForEncodings = 1;
			mainGroup = 29B97314FDCFA39411CA2CEA /* CustomTemplate */;
			projectDirPath = "";
			projectRoot = "";
			targets = (
				1D6058900D05DD3D006BFB54 /* Aposelene */,
			);
		};
/* End PBXProject section */

/* Begin PBXResourcesBuildPhase section */
		1D60588D0D05DD3D006BFB54 /* Resources */ = {
			isa = PBXResourcesBuildPhase;
			buildActionMask = 2147483647;
			files = (
				A41B1C5E112CDF2E00E75195 /* tim-hovering.png in Resources */,
				A4ECCE32112E493B008301EF /* tim-hovering.plist in Resources */,
				A4ECD499112F622A008301EF /* silkscreen.fnt in Resources */,
				A4ECD49A112F622A008301EF /* silkscreen.png in Resources */,
			);
			runOnlyForDeploymentPostprocessing = 0;
		};
/* End PBXResourcesBuildPhase section */

/* Begin PBXSourcesBuildPhase section */
		1D60588E0D05DD3D006BFB54 /* Sources */ = {
			isa = PBXSourcesBuildPhase;
			buildActionMask = 2147483647;
			files = (
				1D60589B0D05DD56006BFB54 /* main.m in Sources */,
				1D3623260D0F684500981E51 /* AppDelegate.m in Sources */,
				A42FA45E112BC90300807DB1 /* ASView.m in Sources */,
				A42FA549112BE41700807DB1 /* ASDirector.m in Sources */,
				A42FA5BF112BEAD300807DB1 /* TextureDemo.m in Sources */,
				A42FA78A112C564600807DB1 /* MainMenu.m in Sources */,
				A41B1DAB112D078D00E75195 /* ASTexture.m in Sources */,
				A41B1DEF112D0A1100E75195 /* SquareDemo.m in Sources */,
				A4ECCFEB112EE30B008301EF /* ASAtlas.m in Sources */,
				A4ECD09F112EEB03008301EF /* SpriteDemo.m in Sources */,
				A4ECD2B9112F0CEA008301EF /* ASSprite.m in Sources */,
				A4ECD46D112F4592008301EF /* ASFont.m in Sources */,
				A4ECD496112F5C75008301EF /* FontDemo.m in Sources */,
			);
			runOnlyForDeploymentPostprocessing = 0;
		};
/* End PBXSourcesBuildPhase section */

/* Begin XCBuildConfiguration section */
		1D6058940D05DD3E006BFB54 /* Debug */ = {
			isa = XCBuildConfiguration;
			buildSettings = {
				ALWAYS_SEARCH_USER_PATHS = NO;
				COPY_PHASE_STRIP = NO;
				GCC_DYNAMIC_NO_PIC = NO;
				GCC_OPTIMIZATION_LEVEL = 0;
				GCC_PRECOMPILE_PREFIX_HEADER = YES;
				GCC_PREFIX_HEADER = Prefix.pch;
				INFOPLIST_FILE = Info.plist;
				PRODUCT_NAME = Aposelene;
			};
			name = Debug;
		};
		1D6058950D05DD3E006BFB54 /* Release */ = {
			isa = XCBuildConfiguration;
			buildSettings = {
				ALWAYS_SEARCH_USER_PATHS = NO;
				COPY_PHASE_STRIP = YES;
				GCC_PRECOMPILE_PREFIX_HEADER = YES;
				GCC_PREFIX_HEADER = Prefix.pch;
				INFOPLIST_FILE = Info.plist;
				PRODUCT_NAME = Aposelene;
			};
			name = Release;
		};
		C01FCF4F08A954540054247B /* Debug */ = {
			isa = XCBuildConfiguration;
			buildSettings = {
				ARCHS = "$(ARCHS_STANDARD_32_BIT)";
				"CODE_SIGN_IDENTITY[sdk=iphoneos*]" = "iPhone Developer";
				GCC_C_LANGUAGE_STANDARD = c99;
				GCC_WARN_ABOUT_RETURN_TYPE = YES;
				GCC_WARN_UNUSED_VARIABLE = YES;
				PREBINDING = NO;
				SDKROOT = iphoneos3.0;
			};
			name = Debug;
		};
		C01FCF5008A954540054247B /* Release */ = {
			isa = XCBuildConfiguration;
			buildSettings = {
				ARCHS = "$(ARCHS_STANDARD_32_BIT)";
				"CODE_SIGN_IDENTITY[sdk=iphoneos*]" = "iPhone Developer";
				GCC_C_LANGUAGE_STANDARD = c99;
				GCC_WARN_ABOUT_RETURN_TYPE = YES;
				GCC_WARN_UNUSED_VARIABLE = YES;
				PREBINDING = NO;
				SDKROOT = iphoneos3.0;
			};
			name = Release;
		};
/* End XCBuildConfiguration section */

/* Begin XCConfigurationList section */
		1D6058960D05DD3E006BFB54 /* Build configuration list for PBXNativeTarget "Aposelene" */ = {
			isa = XCConfigurationList;
			buildConfigurations = (
				1D6058940D05DD3E006BFB54 /* Debug */,
				1D6058950D05DD3E006BFB54 /* Release */,
			);
			defaultConfigurationIsVisible = 0;
			defaultConfigurationName = Release;
		};
		C01FCF4E08A954540054247B /* Build configuration list for PBXProject "Aposelene" */ = {
			isa = XCConfigurationList;
			buildConfigurations = (
				C01FCF4F08A954540054247B /* Debug */,
				C01FCF5008A954540054247B /* Release */,
			);
			defaultConfigurationIsVisible = 0;
			defaultConfigurationName = Release;
		};
/* End XCConfigurationList section */
	};
	rootObject = 29B97313FDCFA39411CA2CEA /* Project object */;
}
