// !$*UTF8*$!
{
	archiveVersion = 1;
	classes = {
	};
	objectVersion = 45;
	objects = {

/* Begin PBXBuildFile section */
		1D3623260D0F684500981E51 /* ___PROJECTNAMEASIDENTIFIER___AppDelegate.m in Sources */ = {isa = PBXBuildFile; fileRef = 1D3623250D0F684500981E51 /* ___PROJECTNAMEASIDENTIFIER___AppDelegate.m */; };
		1D60589F0D05DD5A006BFB54 /* Foundation.framework in Frameworks */ = {isa = PBXBuildFile; fileRef = 1D30AB110D05D00D00671497 /* Foundation.framework */; };
		1DF5F4E00D08C38300B7A737 /* UIKit.framework in Frameworks */ = {isa = PBXBuildFile; fileRef = 1DF5F4DF0D08C38300B7A737 /* UIKit.framework */; };
		288765FD0DF74451002DB57D /* CoreGraphics.framework in Frameworks */ = {isa = PBXBuildFile; fileRef = 288765FC0DF74451002DB57D /* CoreGraphics.framework */; };
		A403E1351133A92A00AE6434 /* libAposelene.a in Frameworks */ = {isa = PBXBuildFile; fileRef = A403E11A1133A83D00AE6434 /* libAposelene.a */; };
		A403E17C1133ACF200AE6434 /* OpeningScene.m in Sources */ = {isa = PBXBuildFile; fileRef = A403E17B1133ACF200AE6434 /* OpeningScene.m */; };
		A45BCFE41133A3D500F9CBC5 /* main.m in Sources */ = {isa = PBXBuildFile; fileRef = A45BCFE31133A3D500F9CBC5 /* main.m */; };
		A45BCFE61133A3FF00F9CBC5 /* OpenGLES.framework in Frameworks */ = {isa = PBXBuildFile; fileRef = A45BCFE51133A3FF00F9CBC5 /* OpenGLES.framework */; };
		A45BCFE81133A3FF00F9CBC5 /* QuartzCore.framework in Frameworks */ = {isa = PBXBuildFile; fileRef = A45BCFE71133A3FF00F9CBC5 /* QuartzCore.framework */; };
		A45BCFEF1133A59000F9CBC5 /* ASPixel.fnt in Resources */ = {isa = PBXBuildFile; fileRef = A45BCFED1133A59000F9CBC5 /* ASPixel.fnt */; };
		A45BCFF01133A59000F9CBC5 /* ASPixel.png in Resources */ = {isa = PBXBuildFile; fileRef = A45BCFEE1133A59000F9CBC5 /* ASPixel.png */; };
/* End PBXBuildFile section */

/* Begin PBXContainerItemProxy section */
		A403E1191133A83D00AE6434 /* PBXContainerItemProxy */ = {
			isa = PBXContainerItemProxy;
			containerPortal = A403E10F1133A83D00AE6434 /* Aposelene.xcodeproj */;
			proxyType = 2;
			remoteGlobalIDString = A40692E811318FB700ED25CE;
			remoteInfo = Aposelene;
		};
		A403E11B1133A83D00AE6434 /* PBXContainerItemProxy */ = {
			isa = PBXContainerItemProxy;
			containerPortal = A403E10F1133A83D00AE6434 /* Aposelene.xcodeproj */;
			proxyType = 2;
			remoteGlobalIDString = 1D6058910D05DD3D006BFB54;
			remoteInfo = Demonstration;
		};
		A403E1281133A8C300AE6434 /* PBXContainerItemProxy */ = {
			isa = PBXContainerItemProxy;
			containerPortal = A403E10F1133A83D00AE6434 /* Aposelene.xcodeproj */;
			proxyType = 1;
			remoteGlobalIDString = A40692E711318FB700ED25CE;
			remoteInfo = Aposelene;
		};
/* End PBXContainerItemProxy section */

/* Begin PBXFileReference section */
		1D30AB110D05D00D00671497 /* Foundation.framework */ = {isa = PBXFileReference; lastKnownFileType = wrapper.framework; name = Foundation.framework; path = System/Library/Frameworks/Foundation.framework; sourceTree = SDKROOT; };
		1D3623240D0F684500981E51 /* ___PROJECTNAMEASIDENTIFIER___AppDelegate.h */ = {isa = PBXFileReference; fileEncoding = 4; lastKnownFileType = sourcecode.c.h; path = "___PROJECTNAMEASIDENTIFIER___AppDelegate.h"; sourceTree = "<group>"; };
		1D3623250D0F684500981E51 /* ___PROJECTNAMEASIDENTIFIER___AppDelegate.m */ = {isa = PBXFileReference; fileEncoding = 4; lastKnownFileType = sourcecode.c.objc; path = "___PROJECTNAMEASIDENTIFIER___AppDelegate.m"; sourceTree = "<group>"; };
		1D6058910D05DD3D006BFB54 /* ___PROJECTNAME___.app */ = {isa = PBXFileReference; explicitFileType = wrapper.application; includeInIndex = 0; path = "___PROJECTNAME___.app"; sourceTree = BUILT_PRODUCTS_DIR; };
		1DF5F4DF0D08C38300B7A737 /* UIKit.framework */ = {isa = PBXFileReference; lastKnownFileType = wrapper.framework; name = UIKit.framework; path = System/Library/Frameworks/UIKit.framework; sourceTree = SDKROOT; };
		288765FC0DF74451002DB57D /* CoreGraphics.framework */ = {isa = PBXFileReference; lastKnownFileType = wrapper.framework; name = CoreGraphics.framework; path = System/Library/Frameworks/CoreGraphics.framework; sourceTree = SDKROOT; };
		32CA4F630368D1EE00C91783 /* ___PROJECTNAMEASIDENTIFIER____Prefix.pch */ = {isa = PBXFileReference; fileEncoding = 4; lastKnownFileType = sourcecode.c.h; path = "___PROJECTNAMEASIDENTIFIER____Prefix.pch"; sourceTree = "<group>"; };
		8D1107310486CEB800E47090 /* ___PROJECTNAMEASIDENTIFIER___-Info.plist */ = {isa = PBXFileReference; fileEncoding = 4; lastKnownFileType = text.plist.xml; path = "___PROJECTNAMEASIDENTIFIER___-Info.plist"; plistStructureDefinitionIdentifier = "com.apple.xcode.plist.structure-definition.iphone.info-plist"; sourceTree = "<group>"; };
		A403E10F1133A83D00AE6434 /* Aposelene.xcodeproj */ = {isa = PBXFileReference; lastKnownFileType = "wrapper.pb-project"; name = Aposelene.xcodeproj; path = ../../../Developer/Source/Aposelene/Aposelene.xcodeproj; sourceTree = APOSELENE_SRC; };
		A403E17A1133ACF200AE6434 /* OpeningScene.h */ = {isa = PBXFileReference; fileEncoding = 4; lastKnownFileType = sourcecode.c.h; name = OpeningScene.h; path = "Source/Aposelene/Templates/Aposelene Application/Classes/OpeningScene.h"; sourceTree = DEVELOPER_DIR; };
		A403E17B1133ACF200AE6434 /* OpeningScene.m */ = {isa = PBXFileReference; fileEncoding = 4; lastKnownFileType = sourcecode.c.objc; name = OpeningScene.m; path = "Source/Aposelene/Templates/Aposelene Application/Classes/OpeningScene.m"; sourceTree = DEVELOPER_DIR; };
		A45BCFE31133A3D500F9CBC5 /* main.m */ = {isa = PBXFileReference; fileEncoding = 4; lastKnownFileType = sourcecode.c.objc; name = main.m; path = "Source/Aposelene/Templates/Aposelene Application/main.m"; sourceTree = DEVELOPER_DIR; };
		A45BCFE51133A3FF00F9CBC5 /* OpenGLES.framework */ = {isa = PBXFileReference; lastKnownFileType = wrapper.framework; name = OpenGLES.framework; path = System/Library/Frameworks/OpenGLES.framework; sourceTree = SDKROOT; };
		A45BCFE71133A3FF00F9CBC5 /* QuartzCore.framework */ = {isa = PBXFileReference; lastKnownFileType = wrapper.framework; name = QuartzCore.framework; path = System/Library/Frameworks/QuartzCore.framework; sourceTree = SDKROOT; };
		A45BCFED1133A59000F9CBC5 /* ASPixel.fnt */ = {isa = PBXFileReference; fileEncoding = 4; lastKnownFileType = text; name = ASPixel.fnt; path = "Source/Aposelene/Templates/Aposelene Application/Resources/ASPixel.fnt"; sourceTree = DEVELOPER_DIR; };
		A45BCFEE1133A59000F9CBC5 /* ASPixel.png */ = {isa = PBXFileReference; lastKnownFileType = image.png; name = ASPixel.png; path = "Source/Aposelene/Templates/Aposelene Application/Resources/ASPixel.png"; sourceTree = DEVELOPER_DIR; };
/* End PBXFileReference section */

/* Begin PBXFrameworksBuildPhase section */
		1D60588F0D05DD3D006BFB54 /* Frameworks */ = {
			isa = PBXFrameworksBuildPhase;
			buildActionMask = 2147483647;
			files = (
				A403E1351133A92A00AE6434 /* libAposelene.a in Frameworks */,
				1D60589F0D05DD5A006BFB54 /* Foundation.framework in Frameworks */,
				1DF5F4E00D08C38300B7A737 /* UIKit.framework in Frameworks */,
				288765FD0DF74451002DB57D /* CoreGraphics.framework in Frameworks */,
				A45BCFE61133A3FF00F9CBC5 /* OpenGLES.framework in Frameworks */,
				A45BCFE81133A3FF00F9CBC5 /* QuartzCore.framework in Frameworks */,
			);
			runOnlyForDeploymentPostprocessing = 0;
		};
/* End PBXFrameworksBuildPhase section */

/* Begin PBXGroup section */
		080E96DDFE201D6D7F000001 /* Classes */ = {
			isa = PBXGroup;
			children = (
				1D3623240D0F684500981E51 /* ___PROJECTNAMEASIDENTIFIER___AppDelegate.h */,
				1D3623250D0F684500981E51 /* ___PROJECTNAMEASIDENTIFIER___AppDelegate.m */,
				A403E17A1133ACF200AE6434 /* OpeningScene.h */,
				A403E17B1133ACF200AE6434 /* OpeningScene.m */,
			);
			path = Classes;
			sourceTree = "<group>";
		};
		19C28FACFE9D520D11CA2CBB /* Products */ = {
			isa = PBXGroup;
			children = (
				1D6058910D05DD3D006BFB54 /* ___PROJECTNAME___.app */,
			);
			name = Products;
			sourceTree = "<group>";
		};
		29B97314FDCFA39411CA2CEA /* CustomTemplate */ = {
			isa = PBXGroup;
			children = (
				080E96DDFE201D6D7F000001 /* Classes */,
				29B97315FDCFA39411CA2CEA /* Other Sources */,
				29B97317FDCFA39411CA2CEA /* Resources */,
				A45BD0001133A73000F9CBC5 /* Support */,
				29B97323FDCFA39411CA2CEA /* Frameworks */,
				19C28FACFE9D520D11CA2CBB /* Products */,
			);
			name = CustomTemplate;
			sourceTree = "<group>";
		};
		29B97315FDCFA39411CA2CEA /* Other Sources */ = {
			isa = PBXGroup;
			children = (
				A45BCFE31133A3D500F9CBC5 /* main.m */,
				32CA4F630368D1EE00C91783 /* ___PROJECTNAMEASIDENTIFIER____Prefix.pch */,
			);
			name = "Other Sources";
			sourceTree = "<group>";
		};
		29B97317FDCFA39411CA2CEA /* Resources */ = {
			isa = PBXGroup;
			children = (
				A45BCFED1133A59000F9CBC5 /* ASPixel.fnt */,
				A45BCFEE1133A59000F9CBC5 /* ASPixel.png */,
				8D1107310486CEB800E47090 /* ___PROJECTNAMEASIDENTIFIER___-Info.plist */,
			);
			name = Resources;
			sourceTree = "<group>";
		};
		29B97323FDCFA39411CA2CEA /* Frameworks */ = {
			isa = PBXGroup;
			children = (
				1DF5F4DF0D08C38300B7A737 /* UIKit.framework */,
				1D30AB110D05D00D00671497 /* Foundation.framework */,
				288765FC0DF74451002DB57D /* CoreGraphics.framework */,
				A45BCFE51133A3FF00F9CBC5 /* OpenGLES.framework */,
				A45BCFE71133A3FF00F9CBC5 /* QuartzCore.framework */,
			);
			name = Frameworks;
			sourceTree = "<group>";
		};
		A403E1151133A83D00AE6434 /* Products */ = {
			isa = PBXGroup;
			children = (
				A403E11A1133A83D00AE6434 /* libAposelene.a */,
				A403E11C1133A83D00AE6434 /* Aposelene.app */,
			);
			name = Products;
			sourceTree = "<group>";
		};
		A45BD0001133A73000F9CBC5 /* Support */ = {
			isa = PBXGroup;
			children = (
				A403E10F1133A83D00AE6434 /* Aposelene.xcodeproj */,
			);
			name = Support;
			sourceTree = "<group>";
		};
/* End PBXGroup section */

/* Begin PBXNativeTarget section */
		1D6058900D05DD3D006BFB54 /* ___PROJECTNAME___ */ = {
			isa = PBXNativeTarget;
			buildConfigurationList = 1D6058960D05DD3E006BFB54 /* Build configuration list for PBXNativeTarget "___PROJECTNAME___" */;
			buildPhases = (
				1D60588D0D05DD3D006BFB54 /* Resources */,
				1D60588E0D05DD3D006BFB54 /* Sources */,
				1D60588F0D05DD3D006BFB54 /* Frameworks */,
			);
			buildRules = (
			);
			dependencies = (
				A403E1291133A8C300AE6434 /* PBXTargetDependency */,
			);
			name = "___PROJECTNAME___";
			productName = "___PROJECTNAME___";
			productReference = 1D6058910D05DD3D006BFB54 /* ___PROJECTNAME___.app */;
			productType = "com.apple.product-type.application";
		};
/* End PBXNativeTarget section */

/* Begin PBXProject section */
		29B97313FDCFA39411CA2CEA /* Project object */ = {
			isa = PBXProject;
			buildConfigurationList = C01FCF4E08A954540054247B /* Build configuration list for PBXProject "___PROJECTNAME___" */;
			compatibilityVersion = "Xcode 3.1";
			hasScannedForEncodings = 1;
			mainGroup = 29B97314FDCFA39411CA2CEA /* CustomTemplate */;
			projectDirPath = "";
			projectReferences = (
				{
					ProductGroup = A403E1151133A83D00AE6434 /* Products */;
					ProjectRef = A403E10F1133A83D00AE6434 /* Aposelene.xcodeproj */;
				},
			);
			projectRoot = "";
			targets = (
				1D6058900D05DD3D006BFB54 /* ___PROJECTNAME___ */,
			);
		};
/* End PBXProject section */

/* Begin PBXReferenceProxy section */
		A403E11A1133A83D00AE6434 /* libAposelene.a */ = {
			isa = PBXReferenceProxy;
			fileType = archive.ar;
			path = libAposelene.a;
			remoteRef = A403E1191133A83D00AE6434 /* PBXContainerItemProxy */;
			sourceTree = BUILT_PRODUCTS_DIR;
		};
		A403E11C1133A83D00AE6434 /* Aposelene.app */ = {
			isa = PBXReferenceProxy;
			fileType = wrapper.application;
			path = Aposelene.app;
			remoteRef = A403E11B1133A83D00AE6434 /* PBXContainerItemProxy */;
			sourceTree = BUILT_PRODUCTS_DIR;
		};
/* End PBXReferenceProxy section */

/* Begin PBXResourcesBuildPhase section */
		1D60588D0D05DD3D006BFB54 /* Resources */ = {
			isa = PBXResourcesBuildPhase;
			buildActionMask = 2147483647;
			files = (
				A45BCFEF1133A59000F9CBC5 /* ASPixel.fnt in Resources */,
				A45BCFF01133A59000F9CBC5 /* ASPixel.png in Resources */,
			);
			runOnlyForDeploymentPostprocessing = 0;
		};
/* End PBXResourcesBuildPhase section */

/* Begin PBXSourcesBuildPhase section */
		1D60588E0D05DD3D006BFB54 /* Sources */ = {
			isa = PBXSourcesBuildPhase;
			buildActionMask = 2147483647;
			files = (
				1D3623260D0F684500981E51 /* ___PROJECTNAMEASIDENTIFIER___AppDelegate.m in Sources */,
				A45BCFE41133A3D500F9CBC5 /* main.m in Sources */,
				A403E17C1133ACF200AE6434 /* OpeningScene.m in Sources */,
			);
			runOnlyForDeploymentPostprocessing = 0;
		};
/* End PBXSourcesBuildPhase section */

/* Begin PBXTargetDependency section */
		A403E1291133A8C300AE6434 /* PBXTargetDependency */ = {
			isa = PBXTargetDependency;
			name = Aposelene;
			targetProxy = A403E1281133A8C300AE6434 /* PBXContainerItemProxy */;
		};
/* End PBXTargetDependency section */

/* Begin XCBuildConfiguration section */
		1D6058940D05DD3E006BFB54 /* Debug */ = {
			isa = XCBuildConfiguration;
			buildSettings = {
				ALWAYS_SEARCH_USER_PATHS = NO;
				COPY_PHASE_STRIP = NO;
				GCC_DYNAMIC_NO_PIC = NO;
				GCC_OPTIMIZATION_LEVEL = 0;
				GCC_PRECOMPILE_PREFIX_HEADER = YES;
				GCC_PREFIX_HEADER = "___PROJECTNAMEASIDENTIFIER____Prefix.pch";
				INFOPLIST_FILE = "___PROJECTNAMEASIDENTIFIER___-Info.plist";
				PRODUCT_NAME = "___PROJECTNAME___";
				USER_HEADER_SEARCH_PATHS = "$(APOSELENE_SRC)/**";
			};
			name = Debug;
		};
		1D6058950D05DD3E006BFB54 /* Release */ = {
			isa = XCBuildConfiguration;
			buildSettings = {
				ALWAYS_SEARCH_USER_PATHS = NO;
				COPY_PHASE_STRIP = YES;
				GCC_PRECOMPILE_PREFIX_HEADER = YES;
				GCC_PREFIX_HEADER = "___PROJECTNAMEASIDENTIFIER____Prefix.pch";
				INFOPLIST_FILE = "___PROJECTNAMEASIDENTIFIER___-Info.plist";
				PRODUCT_NAME = "___PROJECTNAME___";
				USER_HEADER_SEARCH_PATHS = "$(APOSELENE_SRC)/**";
			};
			name = Release;
		};
		C01FCF4F08A954540054247B /* Debug */ = {
			isa = XCBuildConfiguration;
			buildSettings = {
				ARCHS = "$(ARCHS_STANDARD_32_BIT)";
				"CODE_SIGN_IDENTITY[sdk=iphoneos*]" = "iPhone Developer";
				GCC_C_LANGUAGE_STANDARD = c99;
				GCC_WARN_ABOUT_RETURN_TYPE = YES;
				GCC_WARN_UNUSED_VARIABLE = YES;
				PREBINDING = NO;
				SDKROOT = iphoneos3.1.3;
			};
			name = Debug;
		};
		C01FCF5008A954540054247B /* Release */ = {
			isa = XCBuildConfiguration;
			buildSettings = {
				ARCHS = "$(ARCHS_STANDARD_32_BIT)";
				"CODE_SIGN_IDENTITY[sdk=iphoneos*]" = "iPhone Developer";
				GCC_C_LANGUAGE_STANDARD = c99;
				GCC_WARN_ABOUT_RETURN_TYPE = YES;
				GCC_WARN_UNUSED_VARIABLE = YES;
				PREBINDING = NO;
				SDKROOT = iphoneos3.1.3;
			};
			name = Release;
		};
/* End XCBuildConfiguration section */

/* Begin XCConfigurationList section */
		1D6058960D05DD3E006BFB54 /* Build configuration list for PBXNativeTarget "___PROJECTNAME___" */ = {
			isa = XCConfigurationList;
			buildConfigurations = (
				1D6058940D05DD3E006BFB54 /* Debug */,
				1D6058950D05DD3E006BFB54 /* Release */,
			);
			defaultConfigurationIsVisible = 0;
			defaultConfigurationName = Release;
		};
		C01FCF4E08A954540054247B /* Build configuration list for PBXProject "___PROJECTNAME___" */ = {
			isa = XCConfigurationList;
			buildConfigurations = (
				C01FCF4F08A954540054247B /* Debug */,
				C01FCF5008A954540054247B /* Release */,
			);
			defaultConfigurationIsVisible = 0;
			defaultConfigurationName = Release;
		};
/* End XCConfigurationList section */
	};
	rootObject = 29B97313FDCFA39411CA2CEA /* Project object */;
}
